
Microsoft Visual Studio Solution File, Format Version 12.00
# Visual Studio Version 17
VisualStudioVersion = 17.13.35723.152
MinimumVisualStudioVersion = 10.0.40219.1
Project("{FAE04EC0-301F-11D3-BF4B-00C04F79EFBC}") = "CrmPlugin", "CrmPlugin\CrmPlugin.csproj", "{0D8E63BC-158F-4A76-8ACA-8A791AC969FA}"
EndProject
Project("{FAE04EC0-301F-11D3-BF4B-00C04F79EFBC}") = "CrmWorkflow", "CrmWorkflow\CrmWorkflow.csproj", "{05B53EAB-B0A6-4E90-A9CE-6DFBD63F3C42}"
EndProject
Global
	GlobalSection(SolutionConfigurationPlatforms) = preSolution
		Debug|Any CPU = Debug|Any CPU
		Release|Any CPU = Release|Any CPU
	EndGlobalSection
	GlobalSection(ProjectConfigurationPlatforms) = postSolution
		{0D8E63BC-158F-4A76-8ACA-8A791AC969FA}.Debug|Any CPU.ActiveCfg = Debug|Any CPU
		{0D8E63BC-158F-4A76-8ACA-8A791AC969FA}.Debug|Any CPU.Build.0 = Debug|Any CPU
		{0D8E63BC-158F-4A76-8ACA-8A791AC969FA}.Release|Any CPU.ActiveCfg = Release|Any CPU
		{0D8E63BC-158F-4A76-8ACA-8A791AC969FA}.Release|Any CPU.Build.0 = Release|Any CPU
		{05B53EAB-B0A6-4E90-A9CE-6DFBD63F3C42}.Debug|Any CPU.ActiveCfg = Debug|Any CPU
		{05B53EAB-B0A6-4E90-A9CE-6DFBD63F3C42}.Debug|Any CPU.Build.0 = Debug|Any CPU
		{05B53EAB-B0A6-4E90-A9CE-6DFBD63F3C42}.Release|Any CPU.ActiveCfg = Release|Any CPU
		{05B53EAB-B0A6-4E90-A9CE-6DFBD63F3C42}.Release|Any CPU.Build.0 = Release|Any CPU
	EndGlobalSection
	GlobalSection(SolutionProperties) = preSolution
		HideSolutionNode = FALSE
	EndGlobalSection
	GlobalSection(ExtensibilityGlobals) = postSolution
		SolutionGuid = {3B00C67E-4386-42CE-9124-E73940DCE89C}
	EndGlobalSection
EndGlobal
